{
  "name": "rainbow",
  "version": "1.0.0",
  "lockfileVersion": 1,
  "requires": true,
  "dependencies": {
    "chroma-js": {
      "version": "2.1.2",
      "resolved": "https://registry.npmjs.org/chroma-js/-/chroma-js-2.1.2.tgz",
      "integrity": "sha512-ri/ouYDWuxfus3UcaMxC1Tfp3IE9K5iQzxc2hSxbBRVNQFut1UuGAsZmiAf2mOUubzGJwgMSv9lHg+XqLaz1QQ==",
      "requires": {
        "cross-env": "^6.0.3"
      }
    }
  }
}
